Microsoft Visual Studio Solution File, Format Version 8.00
Project("{FAE04EC0-301F-11D3-BF4B-00C04F79EFBC}") = "IPAddressControlLib", "IPAddressControlLib.csproj", "{1DCB3644-9A6F-4FFE-AD96-C662270470AD}"
	ProjectSection(ProjectDependencies) = postProject
	EndProjectSection
EndProject
Global
	GlobalSection(SolutionConfiguration) = preSolution
		Debug = Debug
		Release = Release
	EndGlobalSection
	GlobalSection(ProjectConfiguration) = postSolution
		{1DCB3644-9A6F-4FFE-AD96-C662270470AD}.Debug.ActiveCfg = Debug|.NET
		{1DCB3644-9A6F-4FFE-AD96-C662270470AD}.Debug.Build.0 = Debug|.NET
		{1DCB3644-9A6F-4FFE-AD96-C662270470AD}.Release.ActiveCfg = Release|.NET
		{1DCB3644-9A6F-4FFE-AD96-C662270470AD}.Release.Build.0 = Release|.NET
	EndGlobalSection
	GlobalSection(ExtensibilityGlobals) = postSolution
	EndGlobalSection
	GlobalSection(ExtensibilityAddIns) = postSolution
	EndGlobalSection
EndGlobal
